// !$*UTF8*$!
{
	archiveVersion = 1;
	classes = {
	};
	objectVersion = 46;
	objects = {

/* Begin PBXGroup section */
		8A7C0D031C1DB801006EC2C6 = {
			isa = PBXGroup;
			children = (
			);
			sourceTree = "<group>";
		};
/* End PBXGroup section */

/* Begin PBXProject section */
		8A7C0D041C1DB801006EC2C6 /* Project object */ = {
			isa = PBXProject;
			attributes = {
				LastUpgradeCheck = 0720;
			};
			buildConfigurationList = 8A7C0D071C1DB801006EC2C6 /* Build configuration list for PBXProject "VirtualSound" */;
			compatibilityVersion = "Xcode 3.2";
			developmentRegion = English;
			hasScannedForEncodings = 0;
			knownRegions = (
				en,
			);
			mainGroup = 8A7C0D031C1DB801006EC2C6;
			projectDirPath = "";
			projectRoot = "";
			targets = (
			);
		};
/* End PBXProject section */

/* Begin XCBuildConfiguration section */
		8A7C0D081C1DB801006EC2C6 /* Debug */ = {
			isa = XCBuildConfiguration;
			buildSettings = {
			};
			name = Debug;
		};
		8A7C0D091C1DB801006EC2C6 /* Release */ = {
			isa = XCBuildConfiguration;
			buildSettings = {
			};
			name = Release;
		};
/* End XCBuildConfiguration section */

/* Begin XCConfigurationList section */
		8A7C0D071C1DB801006EC2C6 /* Build configuration list for PBXProject "VirtualSound" */ = {
			isa = XCConfigurationList;
			buildConfigurations = (
				8A7C0D081C1DB801006EC2C6 /* Debug */,
				8A7C0D091C1DB801006EC2C6 /* Release */,
			);
			defaultConfigurationIsVisible = 0;
			defaultConfigurationName = Release;
		};
/* End XCConfigurationList section */
	};
	rootObject = 8A7C0D041C1DB801006EC2C6 /* Project object */;
}
