// !$*UTF8*$!
{
	archiveVersion = 1;
	classes = {
	};
	objectVersion = 46;
	objects = {

/* Begin PBXAggregateTarget section */
		8A4638971C2C1AE200F94631 /* Installer */ = {
			isa = PBXAggregateTarget;
			buildConfigurationList = 8A4638981C2C1AE200F94631 /* Build configuration list for PBXAggregateTarget "Installer" */;
			buildPhases = (
				8A46389F1C2C1B2700F94631 /* ShellScript */,
			);
			dependencies = (
				8A46389C1C2C1AF700F94631 /* PBXTargetDependency */,
				8A46389E1C2C1AF700F94631 /* PBXTargetDependency */,
			);
			name = Installer;
			productName = Installer;
		};
/* End PBXAggregateTarget section */

/* Begin PBXBuildFile section */
		8A2460D11D1868330001B40B /* libswresample.dylib in Frameworks */ = {isa = PBXBuildFile; fileRef = 8A8578AC1D1867A000CC5C3B /* libswresample.dylib */; };
		8A2460D21D187AB30001B40B /* libswresample.dylib in Copy FFmpeg libs */ = {isa = PBXBuildFile; fileRef = 8A8578AC1D1867A000CC5C3B /* libswresample.dylib */; settings = {ATTRIBUTES = (CodeSignOnCopy, ); }; };
		8A3E49B21C2C92C5005D7E4F /* Distribution.xml in Resources */ = {isa = PBXBuildFile; fileRef = 8A3E49B01C2C92C5005D7E4F /* Distribution.xml */; };
		8A3E49B31C2C92C5005D7E4F /* Scripts-Driver in Resources */ = {isa = PBXBuildFile; fileRef = 8A3E49B11C2C92C5005D7E4F /* Scripts-Driver */; };
		8A65D68F1C2614D90071EBBE /* InfoPlist.strings in Resources */ = {isa = PBXBuildFile; fileRef = 8A65D68D1C2614D90071EBBE /* InfoPlist.strings */; };
		8A65D6AC1C26C1790071EBBE /* libavcodec.dylib in Frameworks */ = {isa = PBXBuildFile; fileRef = 8A65D6A91C26C1790071EBBE /* libavcodec.dylib */; };
		8A65D6AD1C26C1790071EBBE /* libavformat.dylib in Frameworks */ = {isa = PBXBuildFile; fileRef = 8A65D6AA1C26C1790071EBBE /* libavformat.dylib */; };
		8A65D6AE1C26C1790071EBBE /* libavutil.dylib in Frameworks */ = {isa = PBXBuildFile; fileRef = 8A65D6AB1C26C1790071EBBE /* libavutil.dylib */; };
		8A65D6B81C26CE540071EBBE /* libavcodec.dylib in Copy FFmpeg libs */ = {isa = PBXBuildFile; fileRef = 8A65D6A91C26C1790071EBBE /* libavcodec.dylib */; settings = {ATTRIBUTES = (CodeSignOnCopy, ); }; };
		8A65D6B91C26CE540071EBBE /* libavformat.dylib in Copy FFmpeg libs */ = {isa = PBXBuildFile; fileRef = 8A65D6AA1C26C1790071EBBE /* libavformat.dylib */; settings = {ATTRIBUTES = (CodeSignOnCopy, ); }; };
		8A65D6BA1C26CE540071EBBE /* libavutil.dylib in Copy FFmpeg libs */ = {isa = PBXBuildFile; fileRef = 8A65D6AB1C26C1790071EBBE /* libavutil.dylib */; settings = {ATTRIBUTES = (CodeSignOnCopy, ); }; };
		8A65D6BD1C26F50E0071EBBE /* ForwardingChainIdentifier.m in Sources */ = {isa = PBXBuildFile; fileRef = 8A65D6BC1C26F50E0071EBBE /* ForwardingChainIdentifier.m */; };
		8A6E3B391C2ABE2600E0918D /* MiniLogger.cpp in Sources */ = {isa = PBXBuildFile; fileRef = 8A6E3B371C2ABE2600E0918D /* MiniLogger.cpp */; };
		8A7C0D161C1DD24A006EC2C6 /* LoopbackAudio.c in Sources */ = {isa = PBXBuildFile; fileRef = 8A7C0D151C1DD24A006EC2C6 /* LoopbackAudio.c */; };
		8A7C0D181C1DD691006EC2C6 /* Localizable.strings in Resources */ = {isa = PBXBuildFile; fileRef = 8A7C0D171C1DD691006EC2C6 /* Localizable.strings */; };
		8A8578AD1D1867A000CC5C3B /* libswresample.dylib in Frameworks */ = {isa = PBXBuildFile; fileRef = 8A8578AC1D1867A000CC5C3B /* libswresample.dylib */; };
		8A8D38EE1C1DE3A500B9A127 /* TPCircularBuffer.c in Sources */ = {isa = PBXBuildFile; fileRef = 8A8D38EC1C1DE3A500B9A127 /* TPCircularBuffer.c */; };
		8A9757041C204EAA00F20BD7 /* SPDIFAudioEncoder.cpp in Sources */ = {isa = PBXBuildFile; fileRef = 8A9757021C204EAA00F20BD7 /* SPDIFAudioEncoder.cpp */; };
		8A9757071C21E51800F20BD7 /* DigitalOutputContext.cpp in Sources */ = {isa = PBXBuildFile; fileRef = 8A9757051C21E51800F20BD7 /* DigitalOutputContext.cpp */; };
		8A9757081C2204D500F20BD7 /* TPCircularBuffer.c in Sources */ = {isa = PBXBuildFile; fileRef = 8A8D38EC1C1DE3A500B9A127 /* TPCircularBuffer.c */; };
		8A97570B1C220EDD00F20BD7 /* ForwardingInputTap.cpp in Sources */ = {isa = PBXBuildFile; fileRef = 8A9757091C220EDD00F20BD7 /* ForwardingInputTap.cpp */; };
		8ADF7A8B1C1EFE9400C4F936 /* AppDelegate.mm in Sources */ = {isa = PBXBuildFile; fileRef = 8ADF7A8A1C1EFE9400C4F936 /* AppDelegate.mm */; };
		8ADF7A8E1C1EFE9400C4F936 /* main.m in Sources */ = {isa = PBXBuildFile; fileRef = 8ADF7A8D1C1EFE9400C4F936 /* main.m */; };
		8ADF7A901C1EFE9400C4F936 /* Assets.xcassets in Resources */ = {isa = PBXBuildFile; fileRef = 8ADF7A8F1C1EFE9400C4F936 /* Assets.xcassets */; };
		8ADF7A931C1EFE9400C4F936 /* MainMenu.xib in Resources */ = {isa = PBXBuildFile; fileRef = 8ADF7A911C1EFE9400C4F936 /* MainMenu.xib */; };
		8ADF7AA11C1F118400C4F936 /* CoreAudio.framework in Frameworks */ = {isa = PBXBuildFile; fileRef = 8ADF7AA01C1F118400C4F936 /* CoreAudio.framework */; };
		8ADF7AA41C1F2D1500C4F936 /* CoreAudioHelper.cpp in Sources */ = {isa = PBXBuildFile; fileRef = 8ADF7AA21C1F2D1500C4F936 /* CoreAudioHelper.cpp */; };
/* End PBXBuildFile section */

/* Begin PBXContainerItemProxy section */
		8A46389B1C2C1AF700F94631 /* PBXContainerItemProxy */ = {
			isa = PBXContainerItemProxy;
			containerPortal = 8A7C0D041C1DB801006EC2C6 /* Project object */;
			proxyType = 1;
			remoteGlobalIDString = 8A7C0D0D1C1DCDCF006EC2C6;
			remoteInfo = LoopbackAudio;
		};
		8A46389D1C2C1AF700F94631 /* PBXContainerItemProxy */ = {
			isa = PBXContainerItemProxy;
			containerPortal = 8A7C0D041C1DB801006EC2C6 /* Project object */;
			proxyType = 1;
			remoteGlobalIDString = 8ADF7A861C1EFE9400C4F936;
			remoteInfo = SoundPusher;
		};
/* End PBXContainerItemProxy section */

/* Begin PBXCopyFilesBuildPhase section */
		8A65D6B71C26CE3B0071EBBE /* Copy FFmpeg libs */ = {
			isa = PBXCopyFilesBuildPhase;
			buildActionMask = 12;
			dstPath = "";
			dstSubfolderSpec = 10;
			files = (
				8A2460D21D187AB30001B40B /* libswresample.dylib in Copy FFmpeg libs */,
				8A65D6B81C26CE540071EBBE /* libavcodec.dylib in Copy FFmpeg libs */,
				8A65D6B91C26CE540071EBBE /* libavformat.dylib in Copy FFmpeg libs */,
				8A65D6BA1C26CE540071EBBE /* libavutil.dylib in Copy FFmpeg libs */,
			);
			name = "Copy FFmpeg libs";
			runOnlyForDeploymentPostprocessing = 0;
		};
/* End PBXCopyFilesBuildPhase section */

/* Begin PBXFileReference section */
		8A3E49B01C2C92C5005D7E4F /* Distribution.xml */ = {isa = PBXFileReference; fileEncoding = 4; lastKnownFileType = text.xml; name = Distribution.xml; path = Package/Distribution.xml; sourceTree = "<group>"; };
		8A3E49B11C2C92C5005D7E4F /* Scripts-Driver */ = {isa = PBXFileReference; lastKnownFileType = folder; name = "Scripts-Driver"; path = "Package/Scripts-Driver"; sourceTree = "<group>"; };
		8A65D68E1C2614D90071EBBE /* Base */ = {isa = PBXFileReference; lastKnownFileType = text.plist.strings; name = Base; path = Base.lproj/InfoPlist.strings; sourceTree = "<group>"; };
		8A65D6A91C26C1790071EBBE /* libavcodec.dylib */ = {isa = PBXFileReference; lastKnownFileType = "compiled.mach-o.dylib"; name = libavcodec.dylib; path = lib/libavcodec.dylib; sourceTree = FFMPEG_HOME; };
		8A65D6AA1C26C1790071EBBE /* libavformat.dylib */ = {isa = PBXFileReference; lastKnownFileType = "compiled.mach-o.dylib"; name = libavformat.dylib; path = lib/libavformat.dylib; sourceTree = FFMPEG_HOME; };
		8A65D6AB1C26C1790071EBBE /* libavutil.dylib */ = {isa = PBXFileReference; lastKnownFileType = "compiled.mach-o.dylib"; name = libavutil.dylib; path = lib/libavutil.dylib; sourceTree = FFMPEG_HOME; };
		8A65D6BB1C26F50E0071EBBE /* ForwardingChainIdentifier.h */ = {isa = PBXFileReference; fileEncoding = 4; lastKnownFileType = sourcecode.c.h; path = ForwardingChainIdentifier.h; sourceTree = "<group>"; };
		8A65D6BC1C26F50E0071EBBE /* ForwardingChainIdentifier.m */ = {isa = PBXFileReference; fileEncoding = 4; lastKnownFileType = sourcecode.c.objc; path = ForwardingChainIdentifier.m; sourceTree = "<group>"; };
		8A6E3B161C29CB6E00E0918D /* SoundPusher.entitlements */ = {isa = PBXFileReference; lastKnownFileType = text.xml; path = SoundPusher.entitlements; sourceTree = "<group>"; };
		8A6E3B371C2ABE2600E0918D /* MiniLogger.cpp */ = {isa = PBXFileReference; fileEncoding = 4; lastKnownFileType = sourcecode.cpp.cpp; path = MiniLogger.cpp; sourceTree = "<group>"; };
		8A6E3B381C2ABE2600E0918D /* MiniLogger.hpp */ = {isa = PBXFileReference; fileEncoding = 4; lastKnownFileType = sourcecode.cpp.h; path = MiniLogger.hpp; sourceTree = "<group>"; };
		8A7C0D0E1C1DCDCF006EC2C6 /* LoopbackAudio.driver */ = {isa = PBXFileReference; explicitFileType = wrapper.cfbundle; includeInIndex = 0; path = LoopbackAudio.driver; sourceTree = BUILT_PRODUCTS_DIR; };
		8A7C0D111C1DCDCF006EC2C6 /* Info.plist */ = {isa = PBXFileReference; lastKnownFileType = text.plist.xml; path = Info.plist; sourceTree = "<group>"; };
		8A7C0D151C1DD24A006EC2C6 /* LoopbackAudio.c */ = {isa = PBXFileReference; fileEncoding = 4; indentWidth = 4; lastKnownFileType = sourcecode.c.c; path = LoopbackAudio.c; sourceTree = "<group>"; tabWidth = 4; usesTabs = 1; };
		8A7C0D171C1DD691006EC2C6 /* Localizable.strings */ = {isa = PBXFileReference; fileEncoding = 4; lastKnownFileType = text.plist.strings; path = Localizable.strings; sourceTree = "<group>"; };
		8A8578AC1D1867A000CC5C3B /* libswresample.dylib */ = {isa = PBXFileReference; lastKnownFileType = "compiled.mach-o.dylib"; name = libswresample.dylib; path = lib/libswresample.dylib; sourceTree = FFMPEG_HOME; };
		8A8D38EC1C1DE3A500B9A127 /* TPCircularBuffer.c */ = {isa = PBXFileReference; fileEncoding = 4; lastKnownFileType = sourcecode.c.c; name = TPCircularBuffer.c; path = thirdparty/TPCircularBuffer/TPCircularBuffer.c; sourceTree = "<group>"; };
		8A8D38ED1C1DE3A500B9A127 /* TPCircularBuffer.h */ = {isa = PBXFileReference; fileEncoding = 4; lastKnownFileType = sourcecode.c.h; name = TPCircularBuffer.h; path = thirdparty/TPCircularBuffer/TPCircularBuffer.h; sourceTree = "<group>"; };
		8A9757021C204EAA00F20BD7 /* SPDIFAudioEncoder.cpp */ = {isa = PBXFileReference; fileEncoding = 4; lastKnownFileType = sourcecode.cpp.cpp; path = SPDIFAudioEncoder.cpp; sourceTree = "<group>"; };
		8A9757031C204EAA00F20BD7 /* SPDIFAudioEncoder.hpp */ = {isa = PBXFileReference; fileEncoding = 4; lastKnownFileType = sourcecode.cpp.h; path = SPDIFAudioEncoder.hpp; sourceTree = "<group>"; };
		8A9757051C21E51800F20BD7 /* DigitalOutputContext.cpp */ = {isa = PBXFileReference; fileEncoding = 4; lastKnownFileType = sourcecode.cpp.cpp; path = DigitalOutputContext.cpp; sourceTree = "<group>"; };
		8A9757061C21E51800F20BD7 /* DigitalOutputContext.hpp */ = {isa = PBXFileReference; fileEncoding = 4; lastKnownFileType = sourcecode.cpp.h; path = DigitalOutputContext.hpp; sourceTree = "<group>"; };
		8A9757091C220EDD00F20BD7 /* ForwardingInputTap.cpp */ = {isa = PBXFileReference; fileEncoding = 4; lastKnownFileType = sourcecode.cpp.cpp; path = ForwardingInputTap.cpp; sourceTree = "<group>"; };
		8A97570A1C220EDD00F20BD7 /* ForwardingInputTap.hpp */ = {isa = PBXFileReference; fileEncoding = 4; lastKnownFileType = sourcecode.cpp.h; path = ForwardingInputTap.hpp; sourceTree = "<group>"; };
		8ADF7A871C1EFE9400C4F936 /* SoundPusher.app */ = {isa = PBXFileReference; explicitFileType = wrapper.application; includeInIndex = 0; path = SoundPusher.app; sourceTree = BUILT_PRODUCTS_DIR; };
		8ADF7A891C1EFE9400C4F936 /* AppDelegate.h */ = {isa = PBXFileReference; lastKnownFileType = sourcecode.c.h; path = AppDelegate.h; sourceTree = "<group>"; };
		8ADF7A8A1C1EFE9400C4F936 /* AppDelegate.mm */ = {isa = PBXFileReference; lastKnownFileType = sourcecode.cpp.objcpp; path = AppDelegate.mm; sourceTree = "<group>"; };
		8ADF7A8D1C1EFE9400C4F936 /* main.m */ = {isa = PBXFileReference; lastKnownFileType = sourcecode.c.objc; path = main.m; sourceTree = "<group>"; };
		8ADF7A8F1C1EFE9400C4F936 /* Assets.xcassets */ = {isa = PBXFileReference; lastKnownFileType = folder.assetcatalog; path = Assets.xcassets; sourceTree = "<group>"; };
		8ADF7A921C1EFE9400C4F936 /* Base */ = {isa = PBXFileReference; lastKnownFileType = file.xib; name = Base; path = Base.lproj/MainMenu.xib; sourceTree = "<group>"; };
		8ADF7A941C1EFE9400C4F936 /* Info.plist */ = {isa = PBXFileReference; lastKnownFileType = text.plist.xml; path = Info.plist; sourceTree = "<group>"; };
		8ADF7AA01C1F118400C4F936 /* CoreAudio.framework */ = {isa = PBXFileReference; lastKnownFileType = wrapper.framework; name = CoreAudio.framework; path = System/Library/Frameworks/CoreAudio.framework; sourceTree = SDKROOT; };
		8ADF7AA21C1F2D1500C4F936 /* CoreAudioHelper.cpp */ = {isa = PBXFileReference; fileEncoding = 4; lastKnownFileType = sourcecode.cpp.cpp; path = CoreAudioHelper.cpp; sourceTree = "<group>"; };
		8ADF7AA31C1F2D1500C4F936 /* CoreAudioHelper.hpp */ = {isa = PBXFileReference; fileEncoding = 4; lastKnownFileType = sourcecode.cpp.h; path = CoreAudioHelper.hpp; sourceTree = "<group>"; };
		8ADF7B4E1C2016F700C4F936 /* README.md */ = {isa = PBXFileReference; fileEncoding = 4; lastKnownFileType = net.daringfireball.markdown; path = README.md; sourceTree = "<group>"; };
		8ADF7B501C201C7300C4F936 /* LoopbackAudio.h */ = {isa = PBXFileReference; fileEncoding = 4; indentWidth = 2; lastKnownFileType = sourcecode.c.h; path = LoopbackAudio.h; sourceTree = "<group>"; tabWidth = 2; usesTabs = 0; };
/* End PBXFileReference section */

/* Begin PBXFrameworksBuildPhase section */
		8A7C0D0B1C1DCDCF006EC2C6 /* Frameworks */ = {
			isa = PBXFrameworksBuildPhase;
			buildActionMask = 2147483647;
			files = (
				8A8578AD1D1867A000CC5C3B /* libswresample.dylib in Frameworks */,
			);
			runOnlyForDeploymentPostprocessing = 0;
		};
		8ADF7A841C1EFE9400C4F936 /* Frameworks */ = {
			isa = PBXFrameworksBuildPhase;
			buildActionMask = 2147483647;
			files = (
				8A65D6AC1C26C1790071EBBE /* libavcodec.dylib in Frameworks */,
				8A65D6AD1C26C1790071EBBE /* libavformat.dylib in Frameworks */,
				8A2460D11D1868330001B40B /* libswresample.dylib in Frameworks */,
				8A65D6AE1C26C1790071EBBE /* libavutil.dylib in Frameworks */,
				8ADF7AA11C1F118400C4F936 /* CoreAudio.framework in Frameworks */,
			);
			runOnlyForDeploymentPostprocessing = 0;
		};
/* End PBXFrameworksBuildPhase section */

/* Begin PBXGroup section */
		8A3E49B41C2C92D1005D7E4F /* Package */ = {
			isa = PBXGroup;
			children = (
				8A3E49B01C2C92C5005D7E4F /* Distribution.xml */,
				8A3E49B11C2C92C5005D7E4F /* Scripts-Driver */,
			);
			name = Package;
			sourceTree = "<group>";
		};
		8A65D6B21C26C2630071EBBE /* FFmpeg */ = {
			isa = PBXGroup;
			children = (
				8A8578AC1D1867A000CC5C3B /* libswresample.dylib */,
				8A65D6A91C26C1790071EBBE /* libavcodec.dylib */,
				8A65D6AA1C26C1790071EBBE /* libavformat.dylib */,
				8A65D6AB1C26C1790071EBBE /* libavutil.dylib */,
			);
			name = FFmpeg;
			sourceTree = "<group>";
		};
		8A7C0D031C1DB801006EC2C6 = {
			isa = PBXGroup;
			children = (
				8ADF7B4E1C2016F700C4F936 /* README.md */,
				8A7C0D101C1DCDCF006EC2C6 /* LoopbackAudio */,
				8ADF7A881C1EFE9400C4F936 /* SoundPusher */,
				8A3E49B41C2C92D1005D7E4F /* Package */,
				8A8D38EF1C1DE3B100B9A127 /* thirdparty */,
				8A7C0D0F1C1DCDCF006EC2C6 /* Products */,
			);
			sourceTree = "<group>";
		};
		8A7C0D0F1C1DCDCF006EC2C6 /* Products */ = {
			isa = PBXGroup;
			children = (
				8A7C0D0E1C1DCDCF006EC2C6 /* LoopbackAudio.driver */,
				8ADF7A871C1EFE9400C4F936 /* SoundPusher.app */,
			);
			name = Products;
			sourceTree = "<group>";
		};
		8A7C0D101C1DCDCF006EC2C6 /* LoopbackAudio */ = {
			isa = PBXGroup;
			children = (
				8A7C0D151C1DD24A006EC2C6 /* LoopbackAudio.c */,
				8ADF7B501C201C7300C4F936 /* LoopbackAudio.h */,
				8A7C0D111C1DCDCF006EC2C6 /* Info.plist */,
				8A7C0D171C1DD691006EC2C6 /* Localizable.strings */,
			);
			path = LoopbackAudio;
			sourceTree = "<group>";
		};
		8A8D38EF1C1DE3B100B9A127 /* thirdparty */ = {
			isa = PBXGroup;
			children = (
				8ADF7AA01C1F118400C4F936 /* CoreAudio.framework */,
				8A8D38F01C1DE3BB00B9A127 /* TPCircularBuffer */,
				8A65D6B21C26C2630071EBBE /* FFmpeg */,
			);
			name = thirdparty;
			sourceTree = "<group>";
		};
		8A8D38F01C1DE3BB00B9A127 /* TPCircularBuffer */ = {
			isa = PBXGroup;
			children = (
				8A8D38EC1C1DE3A500B9A127 /* TPCircularBuffer.c */,
				8A8D38ED1C1DE3A500B9A127 /* TPCircularBuffer.h */,
			);
			name = TPCircularBuffer;
			sourceTree = "<group>";
		};
		8ADF7A881C1EFE9400C4F936 /* SoundPusher */ = {
			isa = PBXGroup;
			children = (
				8A65D6BB1C26F50E0071EBBE /* ForwardingChainIdentifier.h */,
				8A65D6BC1C26F50E0071EBBE /* ForwardingChainIdentifier.m */,
				8A6E3B371C2ABE2600E0918D /* MiniLogger.cpp */,
				8A6E3B381C2ABE2600E0918D /* MiniLogger.hpp */,
				8ADF7A891C1EFE9400C4F936 /* AppDelegate.h */,
				8ADF7A8A1C1EFE9400C4F936 /* AppDelegate.mm */,
				8ADF7AA21C1F2D1500C4F936 /* CoreAudioHelper.cpp */,
				8ADF7AA31C1F2D1500C4F936 /* CoreAudioHelper.hpp */,
				8A9757051C21E51800F20BD7 /* DigitalOutputContext.cpp */,
				8A9757061C21E51800F20BD7 /* DigitalOutputContext.hpp */,
				8A9757091C220EDD00F20BD7 /* ForwardingInputTap.cpp */,
				8A97570A1C220EDD00F20BD7 /* ForwardingInputTap.hpp */,
				8A9757021C204EAA00F20BD7 /* SPDIFAudioEncoder.cpp */,
				8A9757031C204EAA00F20BD7 /* SPDIFAudioEncoder.hpp */,
				8ADF7A911C1EFE9400C4F936 /* MainMenu.xib */,
				8ADF7A8F1C1EFE9400C4F936 /* Assets.xcassets */,
				8ADF7A941C1EFE9400C4F936 /* Info.plist */,
				8A65D68D1C2614D90071EBBE /* InfoPlist.strings */,
				8ADF7A8C1C1EFE9400C4F936 /* Supporting Files */,
			);
			path = SoundPusher;
			sourceTree = "<group>";
		};
		8ADF7A8C1C1EFE9400C4F936 /* Supporting Files */ = {
			isa = PBXGroup;
			children = (
				8A6E3B161C29CB6E00E0918D /* SoundPusher.entitlements */,
				8ADF7A8D1C1EFE9400C4F936 /* main.m */,
			);
			name = "Supporting Files";
			sourceTree = "<group>";
		};
/* End PBXGroup section */

/* Begin PBXNativeTarget section */
		8A7C0D0D1C1DCDCF006EC2C6 /* LoopbackAudio */ = {
			isa = PBXNativeTarget;
			buildConfigurationList = 8A7C0D121C1DCDCF006EC2C6 /* Build configuration list for PBXNativeTarget "LoopbackAudio" */;
			buildPhases = (
				8A7C0D0A1C1DCDCF006EC2C6 /* Sources */,
				8A7C0D0B1C1DCDCF006EC2C6 /* Frameworks */,
				8A7C0D0C1C1DCDCF006EC2C6 /* Resources */,
			);
			buildRules = (
			);
			dependencies = (
			);
			name = LoopbackAudio;
			productName = LoopbackAudio;
			productReference = 8A7C0D0E1C1DCDCF006EC2C6 /* LoopbackAudio.driver */;
			productType = "com.apple.product-type.bundle";
		};
		8ADF7A861C1EFE9400C4F936 /* SoundPusher */ = {
			isa = PBXNativeTarget;
			buildConfigurationList = 8ADF7A971C1EFE9400C4F936 /* Build configuration list for PBXNativeTarget "SoundPusher" */;
			buildPhases = (
				8ADF7A831C1EFE9400C4F936 /* Sources */,
				8ADF7A841C1EFE9400C4F936 /* Frameworks */,
				8A65D6B71C26CE3B0071EBBE /* Copy FFmpeg libs */,
				8ADF7A851C1EFE9400C4F936 /* Resources */,
			);
			buildRules = (
			);
			dependencies = (
			);
			name = SoundPusher;
			productName = SoundPusher;
			productReference = 8ADF7A871C1EFE9400C4F936 /* SoundPusher.app */;
			productType = "com.apple.product-type.application";
		};
/* End PBXNativeTarget section */

/* Begin PBXProject section */
		8A7C0D041C1DB801006EC2C6 /* Project object */ = {
			isa = PBXProject;
			attributes = {
				LastUpgradeCheck = 0730;
				ORGANIZATIONNAME = "[maven] heavy industries";
				TargetAttributes = {
					8A4638971C2C1AE200F94631 = {
						CreatedOnToolsVersion = 7.2;
					};
					8A7C0D0D1C1DCDCF006EC2C6 = {
						CreatedOnToolsVersion = 7.2;
					};
					8ADF7A861C1EFE9400C4F936 = {
						CreatedOnToolsVersion = 7.2;
						SystemCapabilities = {
							com.apple.Sandbox = {
								enabled = 1;
							};
						};
					};
				};
			};
			buildConfigurationList = 8A7C0D071C1DB801006EC2C6 /* Build configuration list for PBXProject "SoundPusher" */;
			compatibilityVersion = "Xcode 3.2";
			developmentRegion = English;
			hasScannedForEncodings = 0;
			knownRegions = (
				en,
				Base,
			);
			mainGroup = 8A7C0D031C1DB801006EC2C6;
			productRefGroup = 8A7C0D0F1C1DCDCF006EC2C6 /* Products */;
			projectDirPath = "";
			projectRoot = "";
			targets = (
				8A7C0D0D1C1DCDCF006EC2C6 /* LoopbackAudio */,
				8ADF7A861C1EFE9400C4F936 /* SoundPusher */,
				8A4638971C2C1AE200F94631 /* Installer */,
			);
		};
/* End PBXProject section */

/* Begin PBXResourcesBuildPhase section */
		8A7C0D0C1C1DCDCF006EC2C6 /* Resources */ = {
			isa = PBXResourcesBuildPhase;
			buildActionMask = 2147483647;
			files = (
				8A7C0D181C1DD691006EC2C6 /* Localizable.strings in Resources */,
				8A3E49B21C2C92C5005D7E4F /* Distribution.xml in Resources */,
				8A3E49B31C2C92C5005D7E4F /* Scripts-Driver in Resources */,
			);
			runOnlyForDeploymentPostprocessing = 0;
		};
		8ADF7A851C1EFE9400C4F936 /* Resources */ = {
			isa = PBXResourcesBuildPhase;
			buildActionMask = 2147483647;
			files = (
				8ADF7A901C1EFE9400C4F936 /* Assets.xcassets in Resources */,
				8A65D68F1C2614D90071EBBE /* InfoPlist.strings in Resources */,
				8ADF7A931C1EFE9400C4F936 /* MainMenu.xib in Resources */,
			);
			runOnlyForDeploymentPostprocessing = 0;
		};
/* End PBXResourcesBuildPhase section */

/* Begin PBXShellScriptBuildPhase section */
		8A46389F1C2C1B2700F94631 /* ShellScript */ = {
			isa = PBXShellScriptBuildPhase;
			buildActionMask = 8;
			files = (
			);
			inputPaths = (
				"",
			);
			outputPaths = (
				"$(BUILT_PRODUCTS_DIR)/SoundPusher.pkg",
			);
			runOnlyForDeploymentPostprocessing = 1;
			shellPath = /bin/sh;
			shellScript = "DRIVER_PATH=\"/Library/Audio/Plug-Ins/HAL\"\nDRIVER_NAME=\"LoopbackAudio.driver\"\npkgbuild --component \"${INSTALL_ROOT}${DRIVER_PATH}/${DRIVER_NAME}\" --scripts \"./Package/Scripts-Driver\" --install-location \"${DRIVER_PATH}\" \"${TEMP_DIR}/de.maven.LoopbackAudio.pkg\"\nAPP_PATH=\"/Applications\"\nAPP_NAME=\"SoundPusher.app\"\nAPP_VERSION=`/usr/libexec/PlistBuddy -c \"Print :CFBundleVersion\" ${INSTALL_ROOT}${APP_PATH}/${APP_NAME}/Contents/Info.plist`\npkgbuild --component \"${INSTALL_ROOT}${APP_PATH}/${APP_NAME}\" --install-location \"${APP_PATH}\" \"${TEMP_DIR}/de.maven.SoundPusher.pkg\"\n\nproductbuild --distribution \"./Package/Distribution.xml\" --package-path \"${TEMP_DIR}\" --resources \"./Package/Resources\" --version \"${APP_VERSION}\" --sign \"Developer ID Installer\" \"${BUILT_PRODUCTS_DIR}/SoundPusher.pkg\"";
			showEnvVarsInLog = 0;
		};
/* End PBXShellScriptBuildPhase section */

/* Begin PBXSourcesBuildPhase section */
		8A7C0D0A1C1DCDCF006EC2C6 /* Sources */ = {
			isa = PBXSourcesBuildPhase;
			buildActionMask = 2147483647;
			files = (
				8A8D38EE1C1DE3A500B9A127 /* TPCircularBuffer.c in Sources */,
				8A7C0D161C1DD24A006EC2C6 /* LoopbackAudio.c in Sources */,
			);
			runOnlyForDeploymentPostprocessing = 0;
		};
		8ADF7A831C1EFE9400C4F936 /* Sources */ = {
			isa = PBXSourcesBuildPhase;
			buildActionMask = 2147483647;
			files = (
				8A9757081C2204D500F20BD7 /* TPCircularBuffer.c in Sources */,
				8A9757071C21E51800F20BD7 /* DigitalOutputContext.cpp in Sources */,
				8ADF7AA41C1F2D1500C4F936 /* CoreAudioHelper.cpp in Sources */,
				8ADF7A8E1C1EFE9400C4F936 /* main.m in Sources */,
				8A9757041C204EAA00F20BD7 /* SPDIFAudioEncoder.cpp in Sources */,
				8A97570B1C220EDD00F20BD7 /* ForwardingInputTap.cpp in Sources */,
				8ADF7A8B1C1EFE9400C4F936 /* AppDelegate.mm in Sources */,
				8A6E3B391C2ABE2600E0918D /* MiniLogger.cpp in Sources */,
				8A65D6BD1C26F50E0071EBBE /* ForwardingChainIdentifier.m in Sources */,
			);
			runOnlyForDeploymentPostprocessing = 0;
		};
/* End PBXSourcesBuildPhase section */

/* Begin PBXTargetDependency section */
		8A46389C1C2C1AF700F94631 /* PBXTargetDependency */ = {
			isa = PBXTargetDependency;
			target = 8A7C0D0D1C1DCDCF006EC2C6 /* LoopbackAudio */;
			targetProxy = 8A46389B1C2C1AF700F94631 /* PBXContainerItemProxy */;
		};
		8A46389E1C2C1AF700F94631 /* PBXTargetDependency */ = {
			isa = PBXTargetDependency;
			target = 8ADF7A861C1EFE9400C4F936 /* SoundPusher */;
			targetProxy = 8A46389D1C2C1AF700F94631 /* PBXContainerItemProxy */;
		};
/* End PBXTargetDependency section */

/* Begin PBXVariantGroup section */
		8A65D68D1C2614D90071EBBE /* InfoPlist.strings */ = {
			isa = PBXVariantGroup;
			children = (
				8A65D68E1C2614D90071EBBE /* Base */,
			);
			name = InfoPlist.strings;
			sourceTree = "<group>";
		};
		8ADF7A911C1EFE9400C4F936 /* MainMenu.xib */ = {
			isa = PBXVariantGroup;
			children = (
				8ADF7A921C1EFE9400C4F936 /* Base */,
			);
			name = MainMenu.xib;
			sourceTree = "<group>";
		};
/* End PBXVariantGroup section */

/* Begin XCBuildConfiguration section */
		8A4638991C2C1AE200F94631 /* Debug */ = {
			isa = XCBuildConfiguration;
			buildSettings = {
				PRODUCT_NAME = Installer;
			};
			name = Debug;
		};
		8A46389A1C2C1AE200F94631 /* Release */ = {
			isa = XCBuildConfiguration;
			buildSettings = {
				PRODUCT_NAME = Installer;
			};
			name = Release;
		};
		8A7C0D081C1DB801006EC2C6 /* Debug */ = {
			isa = XCBuildConfiguration;
			buildSettings = {
				ENABLE_TESTABILITY = YES;
				ONLY_ACTIVE_ARCH = YES;
			};
			name = Debug;
		};
		8A7C0D091C1DB801006EC2C6 /* Release */ = {
			isa = XCBuildConfiguration;
			buildSettings = {
			};
			name = Release;
		};
		8A7C0D131C1DCDCF006EC2C6 /* Debug */ = {
			isa = XCBuildConfiguration;
			buildSettings = {
				ALWAYS_SEARCH_USER_PATHS = NO;
				CLANG_CXX_LANGUAGE_STANDARD = "gnu++0x";
				CLANG_CXX_LIBRARY = "libc++";
				CLANG_ENABLE_MODULES = YES;
				CLANG_ENABLE_OBJC_ARC = YES;
				CLANG_WARN_BOOL_CONVERSION = YES;
				CLANG_WARN_CONSTANT_CONVERSION = YES;
				CLANG_WARN_DIRECT_OBJC_ISA_USAGE = YES_ERROR;
				CLANG_WARN_EMPTY_BODY = YES;
				CLANG_WARN_ENUM_CONVERSION = YES;
				CLANG_WARN_INT_CONVERSION = YES;
				CLANG_WARN_OBJC_ROOT_CLASS = YES_ERROR;
				CLANG_WARN_UNREACHABLE_CODE = YES;
				CLANG_WARN__DUPLICATE_METHOD_MATCH = YES;
				CODE_SIGN_IDENTITY = "Developer ID Application";
				COMBINE_HIDPI_IMAGES = YES;
				COPY_PHASE_STRIP = NO;
				DEBUG_INFORMATION_FORMAT = dwarf;
				ENABLE_STRICT_OBJC_MSGSEND = YES;
				ENABLE_TESTABILITY = YES;
				GCC_C_LANGUAGE_STANDARD = c11;
				GCC_DYNAMIC_NO_PIC = NO;
				GCC_NO_COMMON_BLOCKS = YES;
				GCC_OPTIMIZATION_LEVEL = 0;
				GCC_PREPROCESSOR_DEFINITIONS = (
					"DEBUG=1",
					"$(inherited)",
				);
				GCC_WARN_64_TO_32_BIT_CONVERSION = YES;
				GCC_WARN_ABOUT_RETURN_TYPE = YES_ERROR;
				GCC_WARN_UNDECLARED_SELECTOR = YES;
				GCC_WARN_UNINITIALIZED_AUTOS = YES_AGGRESSIVE;
				GCC_WARN_UNUSED_FUNCTION = YES;
				GCC_WARN_UNUSED_VARIABLE = YES;
				INFOPLIST_FILE = LoopbackAudio/Info.plist;
				INSTALL_PATH = "$(LOCAL_LIBRARY_DIR)/Audio/Plug-Ins/HAL";
				MACOSX_DEPLOYMENT_TARGET = 10.11;
				MTL_ENABLE_DEBUG_INFO = YES;
				ONLY_ACTIVE_ARCH = YES;
				PRODUCT_BUNDLE_IDENTIFIER = de.maven.LoopbackAudio;
				PRODUCT_NAME = "$(TARGET_NAME)";
				SDKROOT = macosx;
				WRAPPER_EXTENSION = driver;
			};
			name = Debug;
		};
		8A7C0D141C1DCDCF006EC2C6 /* Release */ = {
			isa = XCBuildConfiguration;
			buildSettings = {
				ALWAYS_SEARCH_USER_PATHS = NO;
				CLANG_CXX_LANGUAGE_STANDARD = "gnu++0x";
				CLANG_CXX_LIBRARY = "libc++";
				CLANG_ENABLE_MODULES = YES;
				CLANG_ENABLE_OBJC_ARC = YES;
				CLANG_WARN_BOOL_CONVERSION = YES;
				CLANG_WARN_CONSTANT_CONVERSION = YES;
				CLANG_WARN_DIRECT_OBJC_ISA_USAGE = YES_ERROR;
				CLANG_WARN_EMPTY_BODY = YES;
				CLANG_WARN_ENUM_CONVERSION = YES;
				CLANG_WARN_INT_CONVERSION = YES;
				CLANG_WARN_OBJC_ROOT_CLASS = YES_ERROR;
				CLANG_WARN_UNREACHABLE_CODE = YES;
				CLANG_WARN__DUPLICATE_METHOD_MATCH = YES;
				CODE_SIGN_IDENTITY = "Developer ID Application";
				COMBINE_HIDPI_IMAGES = YES;
				COPY_PHASE_STRIP = NO;
				DEBUG_INFORMATION_FORMAT = "dwarf-with-dsym";
				ENABLE_NS_ASSERTIONS = NO;
				ENABLE_STRICT_OBJC_MSGSEND = YES;
				GCC_C_LANGUAGE_STANDARD = c11;
				GCC_NO_COMMON_BLOCKS = YES;
				GCC_OPTIMIZATION_LEVEL = fast;
				GCC_WARN_64_TO_32_BIT_CONVERSION = YES;
				GCC_WARN_ABOUT_RETURN_TYPE = YES_ERROR;
				GCC_WARN_UNDECLARED_SELECTOR = YES;
				GCC_WARN_UNINITIALIZED_AUTOS = YES_AGGRESSIVE;
				GCC_WARN_UNUSED_FUNCTION = YES;
				GCC_WARN_UNUSED_VARIABLE = YES;
				INFOPLIST_FILE = LoopbackAudio/Info.plist;
				INSTALL_PATH = "$(LOCAL_LIBRARY_DIR)/Audio/Plug-Ins/HAL";
				MACOSX_DEPLOYMENT_TARGET = 10.11;
				MTL_ENABLE_DEBUG_INFO = NO;
				PRODUCT_BUNDLE_IDENTIFIER = de.maven.LoopbackAudio;
				PRODUCT_NAME = "$(TARGET_NAME)";
				SDKROOT = macosx;
				WRAPPER_EXTENSION = driver;
			};
			name = Release;
		};
		8ADF7A951C1EFE9400C4F936 /* Debug */ = {
			isa = XCBuildConfiguration;
			buildSettings = {
				ALWAYS_SEARCH_USER_PATHS = NO;
				ASSETCATALOG_COMPILER_APPICON_NAME = AppIcon;
				CLANG_CXX_LANGUAGE_STANDARD = "c++14";
				CLANG_ENABLE_MODULES = YES;
				CLANG_ENABLE_OBJC_ARC = YES;
				CLANG_WARN_BOOL_CONVERSION = YES;
				CLANG_WARN_CONSTANT_CONVERSION = YES;
				CLANG_WARN_DIRECT_OBJC_ISA_USAGE = YES_ERROR;
				CLANG_WARN_EMPTY_BODY = YES;
				CLANG_WARN_ENUM_CONVERSION = YES;
				CLANG_WARN_INT_CONVERSION = YES;
				CLANG_WARN_OBJC_ROOT_CLASS = YES_ERROR;
				CLANG_WARN_UNREACHABLE_CODE = YES;
				CLANG_WARN__DUPLICATE_METHOD_MATCH = YES;
				CODE_SIGN_ENTITLEMENTS = SoundPusher/SoundPusher.entitlements;
				CODE_SIGN_IDENTITY = "Developer ID Application";
				COMBINE_HIDPI_IMAGES = YES;
				COPY_PHASE_STRIP = NO;
				DEBUG_INFORMATION_FORMAT = dwarf;
				ENABLE_STRICT_OBJC_MSGSEND = YES;
				ENABLE_TESTABILITY = YES;
				GCC_C_LANGUAGE_STANDARD = gnu99;
				GCC_DYNAMIC_NO_PIC = NO;
				GCC_NO_COMMON_BLOCKS = YES;
				GCC_OPTIMIZATION_LEVEL = 0;
				GCC_PREPROCESSOR_DEFINITIONS = (
					"DEBUG=1",
					"$(inherited)",
				);
				GCC_WARN_64_TO_32_BIT_CONVERSION = YES;
				GCC_WARN_ABOUT_RETURN_TYPE = YES_ERROR;
				GCC_WARN_UNDECLARED_SELECTOR = YES;
				GCC_WARN_UNINITIALIZED_AUTOS = YES_AGGRESSIVE;
				GCC_WARN_UNUSED_VARIABLE = YES;
				INFOPLIST_FILE = SoundPusher/Info.plist;
				LD_RUNPATH_SEARCH_PATHS = "$(inherited) @executable_path/../Frameworks";
				LIBRARY_SEARCH_PATHS = $FFMPEG_HOME/lib;
				MACOSX_DEPLOYMENT_TARGET = 10.10;
				MTL_ENABLE_DEBUG_INFO = YES;
				ONLY_ACTIVE_ARCH = YES;
				PRODUCT_BUNDLE_IDENTIFIER = de.maven.SoundPusher;
				PRODUCT_NAME = "$(TARGET_NAME)";
				SDKROOT = macosx;
				USER_HEADER_SEARCH_PATHS = $FFMPEG_HOME/include;
			};
			name = Debug;
		};
		8ADF7A961C1EFE9400C4F936 /* Release */ = {
			isa = XCBuildConfiguration;
			buildSettings = {
				ALWAYS_SEARCH_USER_PATHS = NO;
				ASSETCATALOG_COMPILER_APPICON_NAME = AppIcon;
				CLANG_CXX_LANGUAGE_STANDARD = "c++14";
				CLANG_ENABLE_MODULES = YES;
				CLANG_ENABLE_OBJC_ARC = YES;
				CLANG_WARN_BOOL_CONVERSION = YES;
				CLANG_WARN_CONSTANT_CONVERSION = YES;
				CLANG_WARN_DIRECT_OBJC_ISA_USAGE = YES_ERROR;
				CLANG_WARN_EMPTY_BODY = YES;
				CLANG_WARN_ENUM_CONVERSION = YES;
				CLANG_WARN_INT_CONVERSION = YES;
				CLANG_WARN_OBJC_ROOT_CLASS = YES_ERROR;
				CLANG_WARN_UNREACHABLE_CODE = YES;
				CLANG_WARN__DUPLICATE_METHOD_MATCH = YES;
				CODE_SIGN_ENTITLEMENTS = SoundPusher/SoundPusher.entitlements;
				CODE_SIGN_IDENTITY = "Developer ID Application";
				COMBINE_HIDPI_IMAGES = YES;
				COPY_PHASE_STRIP = YES;
				DEBUG_INFORMATION_FORMAT = "dwarf-with-dsym";
				ENABLE_NS_ASSERTIONS = NO;
				ENABLE_STRICT_OBJC_MSGSEND = YES;
				GCC_C_LANGUAGE_STANDARD = gnu99;
				GCC_NO_COMMON_BLOCKS = YES;
				GCC_OPTIMIZATION_LEVEL = fast;
				GCC_WARN_64_TO_32_BIT_CONVERSION = YES;
				GCC_WARN_ABOUT_RETURN_TYPE = YES_ERROR;
				GCC_WARN_UNDECLARED_SELECTOR = YES;
				GCC_WARN_UNINITIALIZED_AUTOS = YES_AGGRESSIVE;
				GCC_WARN_UNUSED_VARIABLE = YES;
				INFOPLIST_FILE = SoundPusher/Info.plist;
				LD_RUNPATH_SEARCH_PATHS = "$(inherited) @executable_path/../Frameworks";
				LIBRARY_SEARCH_PATHS = $FFMPEG_HOME/lib;
				MACOSX_DEPLOYMENT_TARGET = 10.10;
				MTL_ENABLE_DEBUG_INFO = NO;
				PRODUCT_BUNDLE_IDENTIFIER = de.maven.SoundPusher;
				PRODUCT_NAME = "$(TARGET_NAME)";
				SDKROOT = macosx;
				USER_HEADER_SEARCH_PATHS = $FFMPEG_HOME/include;
			};
			name = Release;
		};
/* End XCBuildConfiguration section */

/* Begin XCConfigurationList section */
		8A4638981C2C1AE200F94631 /* Build configuration list for PBXAggregateTarget "Installer" */ = {
			isa = XCConfigurationList;
			buildConfigurations = (
				8A4638991C2C1AE200F94631 /* Debug */,
				8A46389A1C2C1AE200F94631 /* Release */,
			);
			defaultConfigurationIsVisible = 0;
			defaultConfigurationName = Release;
		};
		8A7C0D071C1DB801006EC2C6 /* Build configuration list for PBXProject "SoundPusher" */ = {
			isa = XCConfigurationList;
			buildConfigurations = (
				8A7C0D081C1DB801006EC2C6 /* Debug */,
				8A7C0D091C1DB801006EC2C6 /* Release */,
			);
			defaultConfigurationIsVisible = 0;
			defaultConfigurationName = Release;
		};
		8A7C0D121C1DCDCF006EC2C6 /* Build configuration list for PBXNativeTarget "LoopbackAudio" */ = {
			isa = XCConfigurationList;
			buildConfigurations = (
				8A7C0D131C1DCDCF006EC2C6 /* Debug */,
				8A7C0D141C1DCDCF006EC2C6 /* Release */,
			);
			defaultConfigurationIsVisible = 0;
			defaultConfigurationName = Release;
		};
		8ADF7A971C1EFE9400C4F936 /* Build configuration list for PBXNativeTarget "SoundPusher" */ = {
			isa = XCConfigurationList;
			buildConfigurations = (
				8ADF7A951C1EFE9400C4F936 /* Debug */,
				8ADF7A961C1EFE9400C4F936 /* Release */,
			);
			defaultConfigurationIsVisible = 0;
			defaultConfigurationName = Release;
		};
/* End XCConfigurationList section */
	};
	rootObject = 8A7C0D041C1DB801006EC2C6 /* Project object */;
}
